
Microsoft Visual Studio Solution File, Format Version 12.00
# Visual Studio Version 17
VisualStudioVersion = 17.14.36429.23 d17.14
MinimumVisualStudioVersion = 10.0.40219.1
Project("{FAE04EC0-301F-11D3-BF4B-00C04F79EFBC}") = "Data Structures Practice", "Data Structures Practice\Data Structures Practice.csproj", "{ABFA54A7-DD1A-4BF6-9F77-0359A35612E7}"
EndProject
Global
	GlobalSection(SolutionConfigurationPlatforms) = preSolution
		Debug|Any CPU = Debug|Any CPU
		Release|Any CPU = Release|Any CPU
	EndGlobalSection
	GlobalSection(ProjectConfigurationPlatforms) = postSolution
		{ABFA54A7-DD1A-4BF6-9F77-0359A35612E7}.Debug|Any CPU.ActiveCfg = Debug|Any CPU
		{ABFA54A7-DD1A-4BF6-9F77-0359A35612E7}.Debug|Any CPU.Build.0 = Debug|Any CPU
		{ABFA54A7-DD1A-4BF6-9F77-0359A35612E7}.Release|Any CPU.ActiveCfg = Release|Any CPU
		{ABFA54A7-DD1A-4BF6-9F77-0359A35612E7}.Release|Any CPU.Build.0 = Release|Any CPU
	EndGlobalSection
	GlobalSection(SolutionProperties) = preSolution
		HideSolutionNode = FALSE
	EndGlobalSection
	GlobalSection(ExtensibilityGlobals) = postSolution
		SolutionGuid = {AA6537C8-F5E1-444F-9457-26B7D665707B}
	EndGlobalSection
EndGlobal
